
Microsoft Visual Studio Solution File, Format Version 12.00
# Visual Studio Version 16
VisualStudioVersion = 16.0.31702.278
MinimumVisualStudioVersion = 10.0.40219.1
Project("{FAE04EC0-301F-11D3-BF4B-00C04F79EFBC}") = "ConsoleApp1", "ConsoleApp1\ConsoleApp1.csproj", "{CFF8D68A-67AB-4A6C-87CD-C877C10388D6}"
EndProject
Global
	GlobalSection(SolutionConfigurationPlatforms) = preSolution
		Debug|Any CPU = Debug|Any CPU
		Release|Any CPU = Release|Any CPU
	EndGlobalSection
	GlobalSection(ProjectConfigurationPlatforms) = postSolution
		{CFF8D68A-67AB-4A6C-87CD-C877C10388D6}.Debug|Any CPU.ActiveCfg = Debug|Any CPU
		{CFF8D68A-67AB-4A6C-87CD-C877C10388D6}.Debug|Any CPU.Build.0 = Debug|Any CPU
		{CFF8D68A-67AB-4A6C-87CD-C877C10388D6}.Release|Any CPU.ActiveCfg = Release|Any CPU
		{CFF8D68A-67AB-4A6C-87CD-C877C10388D6}.Release|Any CPU.Build.0 = Release|Any CPU
	EndGlobalSection
	GlobalSection(SolutionProperties) = preSolution
		HideSolutionNode = FALSE
	EndGlobalSection
	GlobalSection(ExtensibilityGlobals) = postSolution
		SolutionGuid = {FAE13AB8-D538-4E89-9581-6B6A1A7E929B}
	EndGlobalSection
EndGlobal
